
Microsoft Visual Studio Solution File, Format Version 12.00
# Visual Studio Version 17
VisualStudioVersion = 17.4.33205.214
MinimumVisualStudioVersion = 10.0.40219.1
Project("{9A19103F-16F7-4668-BE54-9A1E7A4F7556}") = "WinForms", "WinForms\WinForms.csproj", "{29B374FE-63C7-4E90-BCD6-834703401F06}"
EndProject
Project("{9A19103F-16F7-4668-BE54-9A1E7A4F7556}") = "FoodLibrary", "FoodLibrary\FoodLibrary.csproj", "{E9186699-F508-40AD-B61F-F1A34D19419E}"
EndProject
Project("{9A19103F-16F7-4668-BE54-9A1E7A4F7556}") = "WebApplication1", "WebApplication1\WebApplication1.csproj", "{19EDE813-7E57-4A3B-B4F6-537F0D760E23}"
EndProject
Global
	GlobalSection(SolutionConfigurationPlatforms) = preSolution
		Debug|Any CPU = Debug|Any CPU
		Release|Any CPU = Release|Any CPU
	EndGlobalSection
	GlobalSection(ProjectConfigurationPlatforms) = postSolution
		{29B374FE-63C7-4E90-BCD6-834703401F06}.Debug|Any CPU.ActiveCfg = Debug|Any CPU
		{29B374FE-63C7-4E90-BCD6-834703401F06}.Debug|Any CPU.Build.0 = Debug|Any CPU
		{29B374FE-63C7-4E90-BCD6-834703401F06}.Release|Any CPU.ActiveCfg = Release|Any CPU
		{29B374FE-63C7-4E90-BCD6-834703401F06}.Release|Any CPU.Build.0 = Release|Any CPU
		{E9186699-F508-40AD-B61F-F1A34D19419E}.Debug|Any CPU.ActiveCfg = Debug|Any CPU
		{E9186699-F508-40AD-B61F-F1A34D19419E}.Debug|Any CPU.Build.0 = Debug|Any CPU
		{E9186699-F508-40AD-B61F-F1A34D19419E}.Release|Any CPU.ActiveCfg = Release|Any CPU
		{E9186699-F508-40AD-B61F-F1A34D19419E}.Release|Any CPU.Build.0 = Release|Any CPU
		{19EDE813-7E57-4A3B-B4F6-537F0D760E23}.Debug|Any CPU.ActiveCfg = Debug|Any CPU
		{19EDE813-7E57-4A3B-B4F6-537F0D760E23}.Debug|Any CPU.Build.0 = Debug|Any CPU
		{19EDE813-7E57-4A3B-B4F6-537F0D760E23}.Release|Any CPU.ActiveCfg = Release|Any CPU
		{19EDE813-7E57-4A3B-B4F6-537F0D760E23}.Release|Any CPU.Build.0 = Release|Any CPU
	EndGlobalSection
	GlobalSection(SolutionProperties) = preSolution
		HideSolutionNode = FALSE
	EndGlobalSection
	GlobalSection(ExtensibilityGlobals) = postSolution
		SolutionGuid = {9E0B4AB7-C321-454D-8D0D-76A72E0DB53C}
	EndGlobalSection
EndGlobal
